// !$*UTF8*$!
{
	archiveVersion = 1;
	classes = {
	};
	objectVersion = 46;
	objects = {

/* Begin PBXBuildFile section */
		5D71EAF81E8DB28800F430FA /* Methods.swift in Sources */ = {isa = PBXBuildFile; fileRef = 5D71EAF71E8DB28800F430FA /* Methods.swift */; };
		5D71EAFC1E8DBBF300F430FA /* Properties.swift in Sources */ = {isa = PBXBuildFile; fileRef = 5D71EAFB1E8DBBF300F430FA /* Properties.swift */; };
		5D71EAFE1E8E1DD100F430FA /* Runtime.swift in Sources */ = {isa = PBXBuildFile; fileRef = 5D71EAFD1E8E1DD100F430FA /* Runtime.swift */; };
		5D99780B1E8D57F6007E7B9D /* main.swift in Sources */ = {isa = PBXBuildFile; fileRef = 5D99780A1E8D57F6007E7B9D /* main.swift */; };
		5D9978131E8D584A007E7B9D /* AssociatedObject.swift in Sources */ = {isa = PBXBuildFile; fileRef = 5D9978121E8D584A007E7B9D /* AssociatedObject.swift */; };
		5D9978181E8D5D46007E7B9D /* Swizzle.swift in Sources */ = {isa = PBXBuildFile; fileRef = 5D9978171E8D5D46007E7B9D /* Swizzle.swift */; };
/* End PBXBuildFile section */

/* Begin PBXCopyFilesBuildPhase section */
		5D9978051E8D57F6007E7B9D /* CopyFiles */ = {
			isa = PBXCopyFilesBuildPhase;
			buildActionMask = 2147483647;
			dstPath = /usr/share/man/man1/;
			dstSubfolderSpec = 0;
			files = (
			);
			runOnlyForDeploymentPostprocessing = 1;
		};
/* End PBXCopyFilesBuildPhase section */

/* Begin PBXFileReference section */
		5D71EAF71E8DB28800F430FA /* Methods.swift */ = {isa = PBXFileReference; fileEncoding = 4; lastKnownFileType = sourcecode.swift; path = Methods.swift; sourceTree = "<group>"; };
		5D71EAFB1E8DBBF300F430FA /* Properties.swift */ = {isa = PBXFileReference; fileEncoding = 4; lastKnownFileType = sourcecode.swift; path = Properties.swift; sourceTree = "<group>"; };
		5D71EAFD1E8E1DD100F430FA /* Runtime.swift */ = {isa = PBXFileReference; fileEncoding = 4; lastKnownFileType = sourcecode.swift; path = Runtime.swift; sourceTree = "<group>"; };
		5D9978071E8D57F6007E7B9D /* RuntimeKit */ = {isa = PBXFileReference; explicitFileType = "compiled.mach-o.executable"; includeInIndex = 0; path = RuntimeKit; sourceTree = BUILT_PRODUCTS_DIR; };
		5D99780A1E8D57F6007E7B9D /* main.swift */ = {isa = PBXFileReference; lastKnownFileType = sourcecode.swift; path = main.swift; sourceTree = "<group>"; };
		5D9978121E8D584A007E7B9D /* AssociatedObject.swift */ = {isa = PBXFileReference; fileEncoding = 4; lastKnownFileType = sourcecode.swift; path = AssociatedObject.swift; sourceTree = "<group>"; };
		5D9978171E8D5D46007E7B9D /* Swizzle.swift */ = {isa = PBXFileReference; fileEncoding = 4; lastKnownFileType = sourcecode.swift; path = Swizzle.swift; sourceTree = "<group>"; };
/* End PBXFileReference section */

/* Begin PBXFrameworksBuildPhase section */
		5D9978041E8D57F6007E7B9D /* Frameworks */ = {
			isa = PBXFrameworksBuildPhase;
			buildActionMask = 2147483647;
			files = (
			);
			runOnlyForDeploymentPostprocessing = 0;
		};
/* End PBXFrameworksBuildPhase section */

/* Begin PBXGroup section */
		5D9977FE1E8D57F6007E7B9D = {
			isa = PBXGroup;
			children = (
				5D9978091E8D57F6007E7B9D /* RuntimeKit */,
				5D9978081E8D57F6007E7B9D /* Products */,
			);
			sourceTree = "<group>";
		};
		5D9978081E8D57F6007E7B9D /* Products */ = {
			isa = PBXGroup;
			children = (
				5D9978071E8D57F6007E7B9D /* RuntimeKit */,
			);
			name = Products;
			sourceTree = "<group>";
		};
		5D9978091E8D57F6007E7B9D /* RuntimeKit */ = {
			isa = PBXGroup;
			children = (
				5D9978111E8D5835007E7B9D /* Sources */,
				5D99780A1E8D57F6007E7B9D /* main.swift */,
			);
			path = RuntimeKit;
			sourceTree = "<group>";
		};
		5D9978111E8D5835007E7B9D /* Sources */ = {
			isa = PBXGroup;
			children = (
				5D9978121E8D584A007E7B9D /* AssociatedObject.swift */,
				5D9978171E8D5D46007E7B9D /* Swizzle.swift */,
				5D71EAF71E8DB28800F430FA /* Methods.swift */,
				5D71EAFB1E8DBBF300F430FA /* Properties.swift */,
				5D71EAFD1E8E1DD100F430FA /* Runtime.swift */,
			);
			path = Sources;
			sourceTree = "<group>";
		};
/* End PBXGroup section */

/* Begin PBXNativeTarget section */
		5D9978061E8D57F6007E7B9D /* RuntimeKit */ = {
			isa = PBXNativeTarget;
			buildConfigurationList = 5D99780E1E8D57F6007E7B9D /* Build configuration list for PBXNativeTarget "RuntimeKit" */;
			buildPhases = (
				5D9978031E8D57F6007E7B9D /* Sources */,
				5D9978041E8D57F6007E7B9D /* Frameworks */,
				5D9978051E8D57F6007E7B9D /* CopyFiles */,
			);
			buildRules = (
			);
			dependencies = (
			);
			name = RuntimeKit;
			productName = RuntimeKit;
			productReference = 5D9978071E8D57F6007E7B9D /* RuntimeKit */;
			productType = "com.apple.product-type.tool";
		};
/* End PBXNativeTarget section */

/* Begin PBXProject section */
		5D9977FF1E8D57F6007E7B9D /* Project object */ = {
			isa = PBXProject;
			attributes = {
				LastSwiftUpdateCheck = 0830;
				LastUpgradeCheck = 0830;
				ORGANIZATIONNAME = "Lukas Kollmer";
				TargetAttributes = {
					5D9978061E8D57F6007E7B9D = {
						CreatedOnToolsVersion = 8.3;
						DevelopmentTeam = A485NLSB8K;
						ProvisioningStyle = Automatic;
					};
				};
			};
			buildConfigurationList = 5D9978021E8D57F6007E7B9D /* Build configuration list for PBXProject "RuntimeKit" */;
			compatibilityVersion = "Xcode 3.2";
			developmentRegion = English;
			hasScannedForEncodings = 0;
			knownRegions = (
				en,
			);
			mainGroup = 5D9977FE1E8D57F6007E7B9D;
			productRefGroup = 5D9978081E8D57F6007E7B9D /* Products */;
			projectDirPath = "";
			projectRoot = "";
			targets = (
				5D9978061E8D57F6007E7B9D /* RuntimeKit */,
			);
		};
/* End PBXProject section */

/* Begin PBXSourcesBuildPhase section */
		5D9978031E8D57F6007E7B9D /* Sources */ = {
			isa = PBXSourcesBuildPhase;
			buildActionMask = 2147483647;
			files = (
				5D71EAFC1E8DBBF300F430FA /* Properties.swift in Sources */,
				5D71EAF81E8DB28800F430FA /* Methods.swift in Sources */,
				5D9978181E8D5D46007E7B9D /* Swizzle.swift in Sources */,
				5D9978131E8D584A007E7B9D /* AssociatedObject.swift in Sources */,
				5D71EAFE1E8E1DD100F430FA /* Runtime.swift in Sources */,
				5D99780B1E8D57F6007E7B9D /* main.swift in Sources */,
			);
			runOnlyForDeploymentPostprocessing = 0;
		};
/* End PBXSourcesBuildPhase section */

/* Begin XCBuildConfiguration section */
		5D99780C1E8D57F6007E7B9D /* Debug */ = {
			isa = XCBuildConfiguration;
			buildSettings = {
				ALWAYS_SEARCH_USER_PATHS = NO;
				CLANG_ANALYZER_NONNULL = YES;
				CLANG_ANALYZER_NUMBER_OBJECT_CONVERSION = YES_AGGRESSIVE;
				CLANG_CXX_LANGUAGE_STANDARD = "gnu++0x";
				CLANG_CXX_LIBRARY = "libc++";
				CLANG_ENABLE_MODULES = YES;
				CLANG_ENABLE_OBJC_ARC = YES;
				CLANG_WARN_BOOL_CONVERSION = YES;
				CLANG_WARN_CONSTANT_CONVERSION = YES;
				CLANG_WARN_DIRECT_OBJC_ISA_USAGE = YES_ERROR;
				CLANG_WARN_DOCUMENTATION_COMMENTS = YES;
				CLANG_WARN_EMPTY_BODY = YES;
				CLANG_WARN_ENUM_CONVERSION = YES;
				CLANG_WARN_INFINITE_RECURSION = YES;
				CLANG_WARN_INT_CONVERSION = YES;
				CLANG_WARN_OBJC_ROOT_CLASS = YES_ERROR;
				CLANG_WARN_SUSPICIOUS_MOVE = YES;
				CLANG_WARN_UNREACHABLE_CODE = YES;
				CLANG_WARN__DUPLICATE_METHOD_MATCH = YES;
				CODE_SIGN_IDENTITY = "-";
				COPY_PHASE_STRIP = NO;
				DEBUG_INFORMATION_FORMAT = dwarf;
				ENABLE_STRICT_OBJC_MSGSEND = YES;
				ENABLE_TESTABILITY = YES;
				GCC_C_LANGUAGE_STANDARD = gnu99;
				GCC_DYNAMIC_NO_PIC = NO;
				GCC_NO_COMMON_BLOCKS = YES;
				GCC_OPTIMIZATION_LEVEL = 0;
				GCC_PREPROCESSOR_DEFINITIONS = (
					"DEBUG=1",
					"$(inherited)",
				);
				GCC_WARN_64_TO_32_BIT_CONVERSION = YES;
				GCC_WARN_ABOUT_RETURN_TYPE = YES_ERROR;
				GCC_WARN_UNDECLARED_SELECTOR = YES;
				GCC_WARN_UNINITIALIZED_AUTOS = YES_AGGRESSIVE;
				GCC_WARN_UNUSED_FUNCTION = YES;
				GCC_WARN_UNUSED_VARIABLE = YES;
				MACOSX_DEPLOYMENT_TARGET = 10.12;
				MTL_ENABLE_DEBUG_INFO = YES;
				ONLY_ACTIVE_ARCH = YES;
				SDKROOT = macosx;
				SWIFT_OPTIMIZATION_LEVEL = "-Onone";
			};
			name = Debug;
		};
		5D99780D1E8D57F6007E7B9D /* Release */ = {
			isa = XCBuildConfiguration;
			buildSettings = {
				ALWAYS_SEARCH_USER_PATHS = NO;
				CLANG_ANALYZER_NONNULL = YES;
				CLANG_ANALYZER_NUMBER_OBJECT_CONVERSION = YES_AGGRESSIVE;
				CLANG_CXX_LANGUAGE_STANDARD = "gnu++0x";
				CLANG_CXX_LIBRARY = "libc++";
				CLANG_ENABLE_MODULES = YES;
				CLANG_ENABLE_OBJC_ARC = YES;
				CLANG_WARN_BOOL_CONVERSION = YES;
				CLANG_WARN_CONSTANT_CONVERSION = YES;
				CLANG_WARN_DIRECT_OBJC_ISA_USAGE = YES_ERROR;
				CLANG_WARN_DOCUMENTATION_COMMENTS = YES;
				CLANG_WARN_EMPTY_BODY = YES;
				CLANG_WARN_ENUM_CONVERSION = YES;
				CLANG_WARN_INFINITE_RECURSION = YES;
				CLANG_WARN_INT_CONVERSION = YES;
				CLANG_WARN_OBJC_ROOT_CLASS = YES_ERROR;
				CLANG_WARN_SUSPICIOUS_MOVE = YES;
				CLANG_WARN_UNREACHABLE_CODE = YES;
				CLANG_WARN__DUPLICATE_METHOD_MATCH = YES;
				CODE_SIGN_IDENTITY = "-";
				COPY_PHASE_STRIP = NO;
				DEBUG_INFORMATION_FORMAT = "dwarf-with-dsym";
				ENABLE_NS_ASSERTIONS = NO;
				ENABLE_STRICT_OBJC_MSGSEND = YES;
				GCC_C_LANGUAGE_STANDARD = gnu99;
				GCC_NO_COMMON_BLOCKS = YES;
				GCC_WARN_64_TO_32_BIT_CONVERSION = YES;
				GCC_WARN_ABOUT_RETURN_TYPE = YES_ERROR;
				GCC_WARN_UNDECLARED_SELECTOR = YES;
				GCC_WARN_UNINITIALIZED_AUTOS = YES_AGGRESSIVE;
				GCC_WARN_UNUSED_FUNCTION = YES;
				GCC_WARN_UNUSED_VARIABLE = YES;
				MACOSX_DEPLOYMENT_TARGET = 10.12;
				MTL_ENABLE_DEBUG_INFO = NO;
				SDKROOT = macosx;
			};
			name = Release;
		};
		5D99780F1E8D57F6007E7B9D /* Debug */ = {
			isa = XCBuildConfiguration;
			buildSettings = {
				DEVELOPMENT_TEAM = A485NLSB8K;
				PRODUCT_NAME = "$(TARGET_NAME)";
				SWIFT_VERSION = 3.0;
			};
			name = Debug;
		};
		5D9978101E8D57F6007E7B9D /* Release */ = {
			isa = XCBuildConfiguration;
			buildSettings = {
				DEVELOPMENT_TEAM = A485NLSB8K;
				PRODUCT_NAME = "$(TARGET_NAME)";
				SWIFT_VERSION = 3.0;
			};
			name = Release;
		};
/* End XCBuildConfiguration section */

/* Begin XCConfigurationList section */
		5D9978021E8D57F6007E7B9D /* Build configuration list for PBXProject "RuntimeKit" */ = {
			isa = XCConfigurationList;
			buildConfigurations = (
				5D99780C1E8D57F6007E7B9D /* Debug */,
				5D99780D1E8D57F6007E7B9D /* Release */,
			);
			defaultConfigurationIsVisible = 0;
			defaultConfigurationName = Release;
		};
		5D99780E1E8D57F6007E7B9D /* Build configuration list for PBXNativeTarget "RuntimeKit" */ = {
			isa = XCConfigurationList;
			buildConfigurations = (
				5D99780F1E8D57F6007E7B9D /* Debug */,
				5D9978101E8D57F6007E7B9D /* Release */,
			);
			defaultConfigurationIsVisible = 0;
			defaultConfigurationName = Release;
		};
/* End XCConfigurationList section */
	};
	rootObject = 5D9977FF1E8D57F6007E7B9D /* Project object */;
}
